// !$*UTF8*$!
{
	archiveVersion = 1;
	classes = {
	};
	objectVersion = 46;
	objects = {

/* Begin PBXBuildFile section */
		EBD8F5B11A5BFCC300C90FBC /* main.m in Sources */ = {isa = PBXBuildFile; fileRef = EBD8F5B01A5BFCC300C90FBC /* main.m */; };
		EBD8F5B41A5BFCC300C90FBC /* AppDelegate.m in Sources */ = {isa = PBXBuildFile; fileRef = EBD8F5B31A5BFCC300C90FBC /* AppDelegate.m */; };
		EBD8F5B71A5BFCC300C90FBC /* ViewController.m in Sources */ = {isa = PBXBuildFile; fileRef = EBD8F5B61A5BFCC300C90FBC /* ViewController.m */; };
		EBD8F5BA1A5BFCC300C90FBC /* Main.storyboard in Resources */ = {isa = PBXBuildFile; fileRef = EBD8F5B81A5BFCC300C90FBC /* Main.storyboard */; };
		EBD8F5BC1A5BFCC300C90FBC /* Images.xcassets in Resources */ = {isa = PBXBuildFile; fileRef = EBD8F5BB1A5BFCC300C90FBC /* Images.xcassets */; };
		EBD8F5BF1A5BFCC300C90FBC /* LaunchScreen.xib in Resources */ = {isa = PBXBuildFile; fileRef = EBD8F5BD1A5BFCC300C90FBC /* LaunchScreen.xib */; };
		EBD8F5CB1A5BFCC300C90FBC /* weiboTests.m in Sources */ = {isa = PBXBuildFile; fileRef = EBD8F5CA1A5BFCC300C90FBC /* weiboTests.m */; };
		EBD8F5ED1A5C0A2B00C90FBC /* statuses.plist in Resources */ = {isa = PBXBuildFile; fileRef = EBD8F5EC1A5C0A2B00C90FBC /* statuses.plist */; };
		EBD8F5F21A5C0EAD00C90FBC /* Status.m in Sources */ = {isa = PBXBuildFile; fileRef = EBD8F5F11A5C0EAD00C90FBC /* Status.m */; };
		EBD8F5F91A5C13AE00C90FBC /* StatusCell.m in Sources */ = {isa = PBXBuildFile; fileRef = EBD8F5F81A5C13AE00C90FBC /* StatusCell.m */; };
/* End PBXBuildFile section */

/* Begin PBXContainerItemProxy section */
		EBD8F5C51A5BFCC300C90FBC /* PBXContainerItemProxy */ = {
			isa = PBXContainerItemProxy;
			containerPortal = EBD8F5A31A5BFCC200C90FBC /* Project object */;
			proxyType = 1;
			remoteGlobalIDString = EBD8F5AA1A5BFCC300C90FBC;
			remoteInfo = weibo;
		};
/* End PBXContainerItemProxy section */

/* Begin PBXFileReference section */
		EBD8F5AB1A5BFCC300C90FBC /* weibo.app */ = {isa = PBXFileReference; explicitFileType = wrapper.application; includeInIndex = 0; path = weibo.app; sourceTree = BUILT_PRODUCTS_DIR; };
		EBD8F5AF1A5BFCC300C90FBC /* Info.plist */ = {isa = PBXFileReference; lastKnownFileType = text.plist.xml; path = Info.plist; sourceTree = "<group>"; };
		EBD8F5B01A5BFCC300C90FBC /* main.m */ = {isa = PBXFileReference; lastKnownFileType = sourcecode.c.objc; path = main.m; sourceTree = "<group>"; };
		EBD8F5B21A5BFCC300C90FBC /* AppDelegate.h */ = {isa = PBXFileReference; lastKnownFileType = sourcecode.c.h; path = AppDelegate.h; sourceTree = "<group>"; };
		EBD8F5B31A5BFCC300C90FBC /* AppDelegate.m */ = {isa = PBXFileReference; lastKnownFileType = sourcecode.c.objc; path = AppDelegate.m; sourceTree = "<group>"; };
		EBD8F5B51A5BFCC300C90FBC /* ViewController.h */ = {isa = PBXFileReference; lastKnownFileType = sourcecode.c.h; path = ViewController.h; sourceTree = "<group>"; };
		EBD8F5B61A5BFCC300C90FBC /* ViewController.m */ = {isa = PBXFileReference; lastKnownFileType = sourcecode.c.objc; path = ViewController.m; sourceTree = "<group>"; };
		EBD8F5B91A5BFCC300C90FBC /* Base */ = {isa = PBXFileReference; lastKnownFileType = file.storyboard; name = Base; path = Base.lproj/Main.storyboard; sourceTree = "<group>"; };
		EBD8F5BB1A5BFCC300C90FBC /* Images.xcassets */ = {isa = PBXFileReference; lastKnownFileType = folder.assetcatalog; path = Images.xcassets; sourceTree = "<group>"; };
		EBD8F5BE1A5BFCC300C90FBC /* Base */ = {isa = PBXFileReference; lastKnownFileType = file.xib; name = Base; path = Base.lproj/LaunchScreen.xib; sourceTree = "<group>"; };
		EBD8F5C41A5BFCC300C90FBC /* weiboTests.xctest */ = {isa = PBXFileReference; explicitFileType = wrapper.cfbundle; includeInIndex = 0; path = weiboTests.xctest; sourceTree = BUILT_PRODUCTS_DIR; };
		EBD8F5C91A5BFCC300C90FBC /* Info.plist */ = {isa = PBXFileReference; lastKnownFileType = text.plist.xml; path = Info.plist; sourceTree = "<group>"; };
		EBD8F5CA1A5BFCC300C90FBC /* weiboTests.m */ = {isa = PBXFileReference; lastKnownFileType = sourcecode.c.objc; path = weiboTests.m; sourceTree = "<group>"; };
		EBD8F5EC1A5C0A2B00C90FBC /* statuses.plist */ = {isa = PBXFileReference; fileEncoding = 4; lastKnownFileType = text.plist.xml; name = statuses.plist; path = "../../../../../百度云同步盘/30元IOS第四期/2014年就业班/就业班/0401/素材/微博/statuses.plist"; sourceTree = "<group>"; };
		EBD8F5F01A5C0EAD00C90FBC /* Status.h */ = {isa = PBXFileReference; fileEncoding = 4; lastKnownFileType = sourcecode.c.h; path = Status.h; sourceTree = "<group>"; };
		EBD8F5F11A5C0EAD00C90FBC /* Status.m */ = {isa = PBXFileReference; fileEncoding = 4; lastKnownFileType = sourcecode.c.objc; path = Status.m; sourceTree = "<group>"; };
		EBD8F5F71A5C13AE00C90FBC /* StatusCell.h */ = {isa = PBXFileReference; fileEncoding = 4; lastKnownFileType = sourcecode.c.h; path = StatusCell.h; sourceTree = "<group>"; };
		EBD8F5F81A5C13AE00C90FBC /* StatusCell.m */ = {isa = PBXFileReference; fileEncoding = 4; lastKnownFileType = sourcecode.c.objc; path = StatusCell.m; sourceTree = "<group>"; };
/* End PBXFileReference section */

/* Begin PBXFrameworksBuildPhase section */
		EBD8F5A81A5BFCC300C90FBC /* Frameworks */ = {
			isa = PBXFrameworksBuildPhase;
			buildActionMask = 2147483647;
			files = (
			);
			runOnlyForDeploymentPostprocessing = 0;
		};
		EBD8F5C11A5BFCC300C90FBC /* Frameworks */ = {
			isa = PBXFrameworksBuildPhase;
			buildActionMask = 2147483647;
			files = (
			);
			runOnlyForDeploymentPostprocessing = 0;
		};
/* End PBXFrameworksBuildPhase section */

/* Begin PBXGroup section */
		EBD8F5A21A5BFCC200C90FBC = {
			isa = PBXGroup;
			children = (
				EBD8F5AD1A5BFCC300C90FBC /* weibo */,
				EBD8F5C71A5BFCC300C90FBC /* weiboTests */,
				EBD8F5AC1A5BFCC300C90FBC /* Products */,
			);
			sourceTree = "<group>";
		};
		EBD8F5AC1A5BFCC300C90FBC /* Products */ = {
			isa = PBXGroup;
			children = (
				EBD8F5AB1A5BFCC300C90FBC /* weibo.app */,
				EBD8F5C41A5BFCC300C90FBC /* weiboTests.xctest */,
			);
			name = Products;
			sourceTree = "<group>";
		};
		EBD8F5AD1A5BFCC300C90FBC /* weibo */ = {
			isa = PBXGroup;
			children = (
				EBD8F5F61A5C132200C90FBC /* other */,
				EBD8F5F51A5C12BF00C90FBC /* Controller */,
				EBD8F5F41A5C12AB00C90FBC /* View */,
				EBD8F5F31A5C129A00C90FBC /* Model */,
				EBD8F5AE1A5BFCC300C90FBC /* Supporting Files */,
			);
			path = weibo;
			sourceTree = "<group>";
		};
		EBD8F5AE1A5BFCC300C90FBC /* Supporting Files */ = {
			isa = PBXGroup;
			children = (
				EBD8F5B81A5BFCC300C90FBC /* Main.storyboard */,
				EBD8F5BB1A5BFCC300C90FBC /* Images.xcassets */,
				EBD8F5BD1A5BFCC300C90FBC /* LaunchScreen.xib */,
				EBD8F5AF1A5BFCC300C90FBC /* Info.plist */,
				EBD8F5EC1A5C0A2B00C90FBC /* statuses.plist */,
				EBD8F5B01A5BFCC300C90FBC /* main.m */,
			);
			name = "Supporting Files";
			sourceTree = "<group>";
		};
		EBD8F5C71A5BFCC300C90FBC /* weiboTests */ = {
			isa = PBXGroup;
			children = (
				EBD8F5CA1A5BFCC300C90FBC /* weiboTests.m */,
				EBD8F5C81A5BFCC300C90FBC /* Supporting Files */,
			);
			path = weiboTests;
			sourceTree = "<group>";
		};
		EBD8F5C81A5BFCC300C90FBC /* Supporting Files */ = {
			isa = PBXGroup;
			children = (
				EBD8F5C91A5BFCC300C90FBC /* Info.plist */,
			);
			name = "Supporting Files";
			sourceTree = "<group>";
		};
		EBD8F5F31A5C129A00C90FBC /* Model */ = {
			isa = PBXGroup;
			children = (
				EBD8F5F01A5C0EAD00C90FBC /* Status.h */,
				EBD8F5F11A5C0EAD00C90FBC /* Status.m */,
			);
			name = Model;
			sourceTree = "<group>";
		};
		EBD8F5F41A5C12AB00C90FBC /* View */ = {
			isa = PBXGroup;
			children = (
				EBD8F5F71A5C13AE00C90FBC /* StatusCell.h */,
				EBD8F5F81A5C13AE00C90FBC /* StatusCell.m */,
			);
			name = View;
			sourceTree = "<group>";
		};
		EBD8F5F51A5C12BF00C90FBC /* Controller */ = {
			isa = PBXGroup;
			children = (
				EBD8F5B51A5BFCC300C90FBC /* ViewController.h */,
				EBD8F5B61A5BFCC300C90FBC /* ViewController.m */,
			);
			name = Controller;
			sourceTree = "<group>";
		};
		EBD8F5F61A5C132200C90FBC /* other */ = {
			isa = PBXGroup;
			children = (
				EBD8F5B21A5BFCC300C90FBC /* AppDelegate.h */,
				EBD8F5B31A5BFCC300C90FBC /* AppDelegate.m */,
			);
			name = other;
			sourceTree = "<group>";
		};
/* End PBXGroup section */

/* Begin PBXNativeTarget section */
		EBD8F5AA1A5BFCC300C90FBC /* weibo */ = {
			isa = PBXNativeTarget;
			buildConfigurationList = EBD8F5CE1A5BFCC300C90FBC /* Build configuration list for PBXNativeTarget "weibo" */;
			buildPhases = (
				EBD8F5A71A5BFCC300C90FBC /* Sources */,
				EBD8F5A81A5BFCC300C90FBC /* Frameworks */,
				EBD8F5A91A5BFCC300C90FBC /* Resources */,
			);
			buildRules = (
			);
			dependencies = (
			);
			name = weibo;
			productName = weibo;
			productReference = EBD8F5AB1A5BFCC300C90FBC /* weibo.app */;
			productType = "com.apple.product-type.application";
		};
		EBD8F5C31A5BFCC300C90FBC /* weiboTests */ = {
			isa = PBXNativeTarget;
			buildConfigurationList = EBD8F5D11A5BFCC300C90FBC /* Build configuration list for PBXNativeTarget "weiboTests" */;
			buildPhases = (
				EBD8F5C01A5BFCC300C90FBC /* Sources */,
				EBD8F5C11A5BFCC300C90FBC /* Frameworks */,
				EBD8F5C21A5BFCC300C90FBC /* Resources */,
			);
			buildRules = (
			);
			dependencies = (
				EBD8F5C61A5BFCC300C90FBC /* PBXTargetDependency */,
			);
			name = weiboTests;
			productName = weiboTests;
			productReference = EBD8F5C41A5BFCC300C90FBC /* weiboTests.xctest */;
			productType = "com.apple.product-type.bundle.unit-test";
		};
/* End PBXNativeTarget section */

/* Begin PBXProject section */
		EBD8F5A31A5BFCC200C90FBC /* Project object */ = {
			isa = PBXProject;
			attributes = {
				LastUpgradeCheck = 0610;
				ORGANIZATIONNAME = lh;
				TargetAttributes = {
					EBD8F5AA1A5BFCC300C90FBC = {
						CreatedOnToolsVersion = 6.1.1;
					};
					EBD8F5C31A5BFCC300C90FBC = {
						CreatedOnToolsVersion = 6.1.1;
						TestTargetID = EBD8F5AA1A5BFCC300C90FBC;
					};
				};
			};
			buildConfigurationList = EBD8F5A61A5BFCC200C90FBC /* Build configuration list for PBXProject "weibo" */;
			compatibilityVersion = "Xcode 3.2";
			developmentRegion = English;
			hasScannedForEncodings = 0;
			knownRegions = (
				en,
				Base,
			);
			mainGroup = EBD8F5A21A5BFCC200C90FBC;
			productRefGroup = EBD8F5AC1A5BFCC300C90FBC /* Products */;
			projectDirPath = "";
			projectRoot = "";
			targets = (
				EBD8F5AA1A5BFCC300C90FBC /* weibo */,
				EBD8F5C31A5BFCC300C90FBC /* weiboTests */,
			);
		};
/* End PBXProject section */

/* Begin PBXResourcesBuildPhase section */
		EBD8F5A91A5BFCC300C90FBC /* Resources */ = {
			isa = PBXResourcesBuildPhase;
			buildActionMask = 2147483647;
			files = (
				EBD8F5ED1A5C0A2B00C90FBC /* statuses.plist in Resources */,
				EBD8F5BA1A5BFCC300C90FBC /* Main.storyboard in Resources */,
				EBD8F5BF1A5BFCC300C90FBC /* LaunchScreen.xib in Resources */,
				EBD8F5BC1A5BFCC300C90FBC /* Images.xcassets in Resources */,
			);
			runOnlyForDeploymentPostprocessing = 0;
		};
		EBD8F5C21A5BFCC300C90FBC /* Resources */ = {
			isa = PBXResourcesBuildPhase;
			buildActionMask = 2147483647;
			files = (
			);
			runOnlyForDeploymentPostprocessing = 0;
		};
/* End PBXResourcesBuildPhase section */

/* Begin PBXSourcesBuildPhase section */
		EBD8F5A71A5BFCC300C90FBC /* Sources */ = {
			isa = PBXSourcesBuildPhase;
			buildActionMask = 2147483647;
			files = (
				EBD8F5B71A5BFCC300C90FBC /* ViewController.m in Sources */,
				EBD8F5F91A5C13AE00C90FBC /* StatusCell.m in Sources */,
				EBD8F5B41A5BFCC300C90FBC /* AppDelegate.m in Sources */,
				EBD8F5B11A5BFCC300C90FBC /* main.m in Sources */,
				EBD8F5F21A5C0EAD00C90FBC /* Status.m in Sources */,
			);
			runOnlyForDeploymentPostprocessing = 0;
		};
		EBD8F5C01A5BFCC300C90FBC /* Sources */ = {
			isa = PBXSourcesBuildPhase;
			buildActionMask = 2147483647;
			files = (
				EBD8F5CB1A5BFCC300C90FBC /* weiboTests.m in Sources */,
			);
			runOnlyForDeploymentPostprocessing = 0;
		};
/* End PBXSourcesBuildPhase section */

/* Begin PBXTargetDependency section */
		EBD8F5C61A5BFCC300C90FBC /* PBXTargetDependency */ = {
			isa = PBXTargetDependency;
			target = EBD8F5AA1A5BFCC300C90FBC /* weibo */;
			targetProxy = EBD8F5C51A5BFCC300C90FBC /* PBXContainerItemProxy */;
		};
/* End PBXTargetDependency section */

/* Begin PBXVariantGroup section */
		EBD8F5B81A5BFCC300C90FBC /* Main.storyboard */ = {
			isa = PBXVariantGroup;
			children = (
				EBD8F5B91A5BFCC300C90FBC /* Base */,
			);
			name = Main.storyboard;
			sourceTree = "<group>";
		};
		EBD8F5BD1A5BFCC300C90FBC /* LaunchScreen.xib */ = {
			isa = PBXVariantGroup;
			children = (
				EBD8F5BE1A5BFCC300C90FBC /* Base */,
			);
			name = LaunchScreen.xib;
			sourceTree = "<group>";
		};
/* End PBXVariantGroup section */

/* Begin XCBuildConfiguration section */
		EBD8F5CC1A5BFCC300C90FBC /* Debug */ = {
			isa = XCBuildConfiguration;
			buildSettings = {
				ALWAYS_SEARCH_USER_PATHS = NO;
				CLANG_CXX_LANGUAGE_STANDARD = "gnu++0x";
				CLANG_CXX_LIBRARY = "libc++";
				CLANG_ENABLE_MODULES = YES;
				CLANG_ENABLE_OBJC_ARC = YES;
				CLANG_WARN_BOOL_CONVERSION = YES;
				CLANG_WARN_CONSTANT_CONVERSION = YES;
				CLANG_WARN_DIRECT_OBJC_ISA_USAGE = YES_ERROR;
				CLANG_WARN_EMPTY_BODY = YES;
				CLANG_WARN_ENUM_CONVERSION = YES;
				CLANG_WARN_INT_CONVERSION = YES;
				CLANG_WARN_OBJC_ROOT_CLASS = YES_ERROR;
				CLANG_WARN_UNREACHABLE_CODE = YES;
				CLANG_WARN__DUPLICATE_METHOD_MATCH = YES;
				"CODE_SIGN_IDENTITY[sdk=iphoneos*]" = "iPhone Developer";
				COPY_PHASE_STRIP = NO;
				ENABLE_STRICT_OBJC_MSGSEND = YES;
				GCC_C_LANGUAGE_STANDARD = gnu99;
				GCC_DYNAMIC_NO_PIC = NO;
				GCC_OPTIMIZATION_LEVEL = 0;
				GCC_PREPROCESSOR_DEFINITIONS = (
					"DEBUG=1",
					"$(inherited)",
				);
				GCC_SYMBOLS_PRIVATE_EXTERN = NO;
				GCC_WARN_64_TO_32_BIT_CONVERSION = YES;
				GCC_WARN_ABOUT_RETURN_TYPE = YES_ERROR;
				GCC_WARN_UNDECLARED_SELECTOR = YES;
				GCC_WARN_UNINITIALIZED_AUTOS = YES_AGGRESSIVE;
				GCC_WARN_UNUSED_FUNCTION = YES;
				GCC_WARN_UNUSED_VARIABLE = YES;
				IPHONEOS_DEPLOYMENT_TARGET = 8.1;
				MTL_ENABLE_DEBUG_INFO = YES;
				ONLY_ACTIVE_ARCH = YES;
				SDKROOT = iphoneos;
				TARGETED_DEVICE_FAMILY = 2;
			};
			name = Debug;
		};
		EBD8F5CD1A5BFCC300C90FBC /* Release */ = {
			isa = XCBuildConfiguration;
			buildSettings = {
				ALWAYS_SEARCH_USER_PATHS = NO;
				CLANG_CXX_LANGUAGE_STANDARD = "gnu++0x";
				CLANG_CXX_LIBRARY = "libc++";
				CLANG_ENABLE_MODULES = YES;
				CLANG_ENABLE_OBJC_ARC = YES;
				CLANG_WARN_BOOL_CONVERSION = YES;
				CLANG_WARN_CONSTANT_CONVERSION = YES;
				CLANG_WARN_DIRECT_OBJC_ISA_USAGE = YES_ERROR;
				CLANG_WARN_EMPTY_BODY = YES;
				CLANG_WARN_ENUM_CONVERSION = YES;
				CLANG_WARN_INT_CONVERSION = YES;
				CLANG_WARN_OBJC_ROOT_CLASS = YES_ERROR;
				CLANG_WARN_UNREACHABLE_CODE = YES;
				CLANG_WARN__DUPLICATE_METHOD_MATCH = YES;
				"CODE_SIGN_IDENTITY[sdk=iphoneos*]" = "iPhone Developer";
				COPY_PHASE_STRIP = YES;
				ENABLE_NS_ASSERTIONS = NO;
				ENABLE_STRICT_OBJC_MSGSEND = YES;
				GCC_C_LANGUAGE_STANDARD = gnu99;
				GCC_WARN_64_TO_32_BIT_CONVERSION = YES;
				GCC_WARN_ABOUT_RETURN_TYPE = YES_ERROR;
				GCC_WARN_UNDECLARED_SELECTOR = YES;
				GCC_WARN_UNINITIALIZED_AUTOS = YES_AGGRESSIVE;
				GCC_WARN_UNUSED_FUNCTION = YES;
				GCC_WARN_UNUSED_VARIABLE = YES;
				IPHONEOS_DEPLOYMENT_TARGET = 8.1;
				MTL_ENABLE_DEBUG_INFO = NO;
				SDKROOT = iphoneos;
				TARGETED_DEVICE_FAMILY = 2;
				VALIDATE_PRODUCT = YES;
			};
			name = Release;
		};
		EBD8F5CF1A5BFCC300C90FBC /* Debug */ = {
			isa = XCBuildConfiguration;
			buildSettings = {
				ASSETCATALOG_COMPILER_APPICON_NAME = AppIcon;
				INFOPLIST_FILE = weibo/Info.plist;
				LD_RUNPATH_SEARCH_PATHS = "$(inherited) @executable_path/Frameworks";
				PRODUCT_NAME = "$(TARGET_NAME)";
				TARGETED_DEVICE_FAMILY = 1;
			};
			name = Debug;
		};
		EBD8F5D01A5BFCC300C90FBC /* Release */ = {
			isa = XCBuildConfiguration;
			buildSettings = {
				ASSETCATALOG_COMPILER_APPICON_NAME = AppIcon;
				INFOPLIST_FILE = weibo/Info.plist;
				LD_RUNPATH_SEARCH_PATHS = "$(inherited) @executable_path/Frameworks";
				PRODUCT_NAME = "$(TARGET_NAME)";
				TARGETED_DEVICE_FAMILY = 1;
			};
			name = Release;
		};
		EBD8F5D21A5BFCC300C90FBC /* Debug */ = {
			isa = XCBuildConfiguration;
			buildSettings = {
				BUNDLE_LOADER = "$(TEST_HOST)";
				FRAMEWORK_SEARCH_PATHS = (
					"$(SDKROOT)/Developer/Library/Frameworks",
					"$(inherited)",
				);
				GCC_PREPROCESSOR_DEFINITIONS = (
					"DEBUG=1",
					"$(inherited)",
				);
				INFOPLIST_FILE = weiboTests/Info.plist;
				LD_RUNPATH_SEARCH_PATHS = "$(inherited) @executable_path/Frameworks @loader_path/Frameworks";
				PRODUCT_NAME = "$(TARGET_NAME)";
				TEST_HOST = "$(BUILT_PRODUCTS_DIR)/weibo.app/weibo";
			};
			name = Debug;
		};
		EBD8F5D31A5BFCC300C90FBC /* Release */ = {
			isa = XCBuildConfiguration;
			buildSettings = {
				BUNDLE_LOADER = "$(TEST_HOST)";
				FRAMEWORK_SEARCH_PATHS = (
					"$(SDKROOT)/Developer/Library/Frameworks",
					"$(inherited)",
				);
				INFOPLIST_FILE = weiboTests/Info.plist;
				LD_RUNPATH_SEARCH_PATHS = "$(inherited) @executable_path/Frameworks @loader_path/Frameworks";
				PRODUCT_NAME = "$(TARGET_NAME)";
				TEST_HOST = "$(BUILT_PRODUCTS_DIR)/weibo.app/weibo";
			};
			name = Release;
		};
/* End XCBuildConfiguration section */

/* Begin XCConfigurationList section */
		EBD8F5A61A5BFCC200C90FBC /* Build configuration list for PBXProject "weibo" */ = {
			isa = XCConfigurationList;
			buildConfigurations = (
				EBD8F5CC1A5BFCC300C90FBC /* Debug */,
				EBD8F5CD1A5BFCC300C90FBC /* Release */,
			);
			defaultConfigurationIsVisible = 0;
			defaultConfigurationName = Release;
		};
		EBD8F5CE1A5BFCC300C90FBC /* Build configuration list for PBXNativeTarget "weibo" */ = {
			isa = XCConfigurationList;
			buildConfigurations = (
				EBD8F5CF1A5BFCC300C90FBC /* Debug */,
				EBD8F5D01A5BFCC300C90FBC /* Release */,
			);
			defaultConfigurationIsVisible = 0;
		};
		EBD8F5D11A5BFCC300C90FBC /* Build configuration list for PBXNativeTarget "weiboTests" */ = {
			isa = XCConfigurationList;
			buildConfigurations = (
				EBD8F5D21A5BFCC300C90FBC /* Debug */,
				EBD8F5D31A5BFCC300C90FBC /* Release */,
			);
			defaultConfigurationIsVisible = 0;
		};
/* End XCConfigurationList section */
	};
	rootObject = EBD8F5A31A5BFCC200C90FBC /* Project object */;
}
